// !$*UTF8*$!
{
	archiveVersion = 1;
	classes = {
	};
	objectVersion = 46;
	objects = {

/* Begin PBXBuildFile section */
		04AFDDEA1B36724100BB45F9 /* AppDelegate.swift in Sources */ = {isa = PBXBuildFile; fileRef = 04AFDDE91B36724100BB45F9 /* AppDelegate.swift */; };
		04AFDDEC1B36724100BB45F9 /* ViewController.swift in Sources */ = {isa = PBXBuildFile; fileRef = 04AFDDEB1B36724100BB45F9 /* ViewController.swift */; };
		04AFDDEF1B36724100BB45F9 /* Main.storyboard in Resources */ = {isa = PBXBuildFile; fileRef = 04AFDDED1B36724100BB45F9 /* Main.storyboard */; };
		04AFDDF11B36724100BB45F9 /* Images.xcassets in Resources */ = {isa = PBXBuildFile; fileRef = 04AFDDF01B36724100BB45F9 /* Images.xcassets */; };
		04AFDDF41B36724100BB45F9 /* LaunchScreen.xib in Resources */ = {isa = PBXBuildFile; fileRef = 04AFDDF21B36724100BB45F9 /* LaunchScreen.xib */; };
		04AFDE001B36724100BB45F9 /* MusicHubiOSTests.swift in Sources */ = {isa = PBXBuildFile; fileRef = 04AFDDFF1B36724100BB45F9 /* MusicHubiOSTests.swift */; };
/* End PBXBuildFile section */

/* Begin PBXContainerItemProxy section */
		04AFDDFA1B36724100BB45F9 /* PBXContainerItemProxy */ = {
			isa = PBXContainerItemProxy;
			containerPortal = 04AFDDDC1B36724100BB45F9 /* Project object */;
			proxyType = 1;
			remoteGlobalIDString = 04AFDDE31B36724100BB45F9;
			remoteInfo = MusicHubiOS;
		};
/* End PBXContainerItemProxy section */

/* Begin PBXFileReference section */
		04AFDDE41B36724100BB45F9 /* MusicHubiOS.app */ = {isa = PBXFileReference; explicitFileType = wrapper.application; includeInIndex = 0; path = MusicHubiOS.app; sourceTree = BUILT_PRODUCTS_DIR; };
		04AFDDE81B36724100BB45F9 /* Info.plist */ = {isa = PBXFileReference; lastKnownFileType = text.plist.xml; path = Info.plist; sourceTree = "<group>"; };
		04AFDDE91B36724100BB45F9 /* AppDelegate.swift */ = {isa = PBXFileReference; lastKnownFileType = sourcecode.swift; path = AppDelegate.swift; sourceTree = "<group>"; };
		04AFDDEB1B36724100BB45F9 /* ViewController.swift */ = {isa = PBXFileReference; lastKnownFileType = sourcecode.swift; path = ViewController.swift; sourceTree = "<group>"; };
		04AFDDEE1B36724100BB45F9 /* Base */ = {isa = PBXFileReference; lastKnownFileType = file.storyboard; name = Base; path = Base.lproj/Main.storyboard; sourceTree = "<group>"; };
		04AFDDF01B36724100BB45F9 /* Images.xcassets */ = {isa = PBXFileReference; lastKnownFileType = folder.assetcatalog; path = Images.xcassets; sourceTree = "<group>"; };
		04AFDDF31B36724100BB45F9 /* Base */ = {isa = PBXFileReference; lastKnownFileType = file.xib; name = Base; path = Base.lproj/LaunchScreen.xib; sourceTree = "<group>"; };
		04AFDDF91B36724100BB45F9 /* MusicHubiOSTests.xctest */ = {isa = PBXFileReference; explicitFileType = wrapper.cfbundle; includeInIndex = 0; path = MusicHubiOSTests.xctest; sourceTree = BUILT_PRODUCTS_DIR; };
		04AFDDFE1B36724100BB45F9 /* Info.plist */ = {isa = PBXFileReference; lastKnownFileType = text.plist.xml; path = Info.plist; sourceTree = "<group>"; };
		04AFDDFF1B36724100BB45F9 /* MusicHubiOSTests.swift */ = {isa = PBXFileReference; lastKnownFileType = sourcecode.swift; path = MusicHubiOSTests.swift; sourceTree = "<group>"; };
/* End PBXFileReference section */

/* Begin PBXFrameworksBuildPhase section */
		04AFDDE11B36724100BB45F9 /* Frameworks */ = {
			isa = PBXFrameworksBuildPhase;
			buildActionMask = 2147483647;
			files = (
			);
			runOnlyForDeploymentPostprocessing = 0;
		};
		04AFDDF61B36724100BB45F9 /* Frameworks */ = {
			isa = PBXFrameworksBuildPhase;
			buildActionMask = 2147483647;
			files = (
			);
			runOnlyForDeploymentPostprocessing = 0;
		};
/* End PBXFrameworksBuildPhase section */

/* Begin PBXGroup section */
		04AFDDDB1B36724000BB45F9 = {
			isa = PBXGroup;
			children = (
				04AFDDE61B36724100BB45F9 /* MusicHubiOS */,
				04AFDDFC1B36724100BB45F9 /* MusicHubiOSTests */,
				04AFDDE51B36724100BB45F9 /* Products */,
			);
			sourceTree = "<group>";
		};
		04AFDDE51B36724100BB45F9 /* Products */ = {
			isa = PBXGroup;
			children = (
				04AFDDE41B36724100BB45F9 /* MusicHubiOS.app */,
				04AFDDF91B36724100BB45F9 /* MusicHubiOSTests.xctest */,
			);
			name = Products;
			sourceTree = "<group>";
		};
		04AFDDE61B36724100BB45F9 /* MusicHubiOS */ = {
			isa = PBXGroup;
			children = (
				04AFDDE91B36724100BB45F9 /* AppDelegate.swift */,
				04AFDDEB1B36724100BB45F9 /* ViewController.swift */,
				04AFDDED1B36724100BB45F9 /* Main.storyboard */,
				04AFDDF01B36724100BB45F9 /* Images.xcassets */,
				04AFDDF21B36724100BB45F9 /* LaunchScreen.xib */,
				04AFDDE71B36724100BB45F9 /* Supporting Files */,
			);
			path = MusicHubiOS;
			sourceTree = "<group>";
		};
		04AFDDE71B36724100BB45F9 /* Supporting Files */ = {
			isa = PBXGroup;
			children = (
				04AFDDE81B36724100BB45F9 /* Info.plist */,
			);
			name = "Supporting Files";
			sourceTree = "<group>";
		};
		04AFDDFC1B36724100BB45F9 /* MusicHubiOSTests */ = {
			isa = PBXGroup;
			children = (
				04AFDDFF1B36724100BB45F9 /* MusicHubiOSTests.swift */,
				04AFDDFD1B36724100BB45F9 /* Supporting Files */,
			);
			path = MusicHubiOSTests;
			sourceTree = "<group>";
		};
		04AFDDFD1B36724100BB45F9 /* Supporting Files */ = {
			isa = PBXGroup;
			children = (
				04AFDDFE1B36724100BB45F9 /* Info.plist */,
			);
			name = "Supporting Files";
			sourceTree = "<group>";
		};
/* End PBXGroup section */

/* Begin PBXNativeTarget section */
		04AFDDE31B36724100BB45F9 /* MusicHubiOS */ = {
			isa = PBXNativeTarget;
			buildConfigurationList = 04AFDE031B36724100BB45F9 /* Build configuration list for PBXNativeTarget "MusicHubiOS" */;
			buildPhases = (
				04AFDDE01B36724100BB45F9 /* Sources */,
				04AFDDE11B36724100BB45F9 /* Frameworks */,
				04AFDDE21B36724100BB45F9 /* Resources */,
			);
			buildRules = (
			);
			dependencies = (
			);
			name = MusicHubiOS;
			productName = MusicHubiOS;
			productReference = 04AFDDE41B36724100BB45F9 /* MusicHubiOS.app */;
			productType = "com.apple.product-type.application";
		};
		04AFDDF81B36724100BB45F9 /* MusicHubiOSTests */ = {
			isa = PBXNativeTarget;
			buildConfigurationList = 04AFDE061B36724100BB45F9 /* Build configuration list for PBXNativeTarget "MusicHubiOSTests" */;
			buildPhases = (
				04AFDDF51B36724100BB45F9 /* Sources */,
				04AFDDF61B36724100BB45F9 /* Frameworks */,
				04AFDDF71B36724100BB45F9 /* Resources */,
			);
			buildRules = (
			);
			dependencies = (
				04AFDDFB1B36724100BB45F9 /* PBXTargetDependency */,
			);
			name = MusicHubiOSTests;
			productName = MusicHubiOSTests;
			productReference = 04AFDDF91B36724100BB45F9 /* MusicHubiOSTests.xctest */;
			productType = "com.apple.product-type.bundle.unit-test";
		};
/* End PBXNativeTarget section */

/* Begin PBXProject section */
		04AFDDDC1B36724100BB45F9 /* Project object */ = {
			isa = PBXProject;
			attributes = {
				LastUpgradeCheck = 0630;
				ORGANIZATIONNAME = "Minhaeng Lee";
				TargetAttributes = {
					04AFDDE31B36724100BB45F9 = {
						CreatedOnToolsVersion = 6.3.2;
					};
					04AFDDF81B36724100BB45F9 = {
						CreatedOnToolsVersion = 6.3.2;
						TestTargetID = 04AFDDE31B36724100BB45F9;
					};
				};
			};
			buildConfigurationList = 04AFDDDF1B36724100BB45F9 /* Build configuration list for PBXProject "MusicHubiOS" */;
			compatibilityVersion = "Xcode 3.2";
			developmentRegion = English;
			hasScannedForEncodings = 0;
			knownRegions = (
				en,
				Base,
			);
			mainGroup = 04AFDDDB1B36724000BB45F9;
			productRefGroup = 04AFDDE51B36724100BB45F9 /* Products */;
			projectDirPath = "";
			projectRoot = "";
			targets = (
				04AFDDE31B36724100BB45F9 /* MusicHubiOS */,
				04AFDDF81B36724100BB45F9 /* MusicHubiOSTests */,
			);
		};
/* End PBXProject section */

/* Begin PBXResourcesBuildPhase section */
		04AFDDE21B36724100BB45F9 /* Resources */ = {
			isa = PBXResourcesBuildPhase;
			buildActionMask = 2147483647;
			files = (
				04AFDDEF1B36724100BB45F9 /* Main.storyboard in Resources */,
				04AFDDF41B36724100BB45F9 /* LaunchScreen.xib in Resources */,
				04AFDDF11B36724100BB45F9 /* Images.xcassets in Resources */,
			);
			runOnlyForDeploymentPostprocessing = 0;
		};
		04AFDDF71B36724100BB45F9 /* Resources */ = {
			isa = PBXResourcesBuildPhase;
			buildActionMask = 2147483647;
			files = (
			);
			runOnlyForDeploymentPostprocessing = 0;
		};
/* End PBXResourcesBuildPhase section */

/* Begin PBXSourcesBuildPhase section */
		04AFDDE01B36724100BB45F9 /* Sources */ = {
			isa = PBXSourcesBuildPhase;
			buildActionMask = 2147483647;
			files = (
				04AFDDEC1B36724100BB45F9 /* ViewController.swift in Sources */,
				04AFDDEA1B36724100BB45F9 /* AppDelegate.swift in Sources */,
			);
			runOnlyForDeploymentPostprocessing = 0;
		};
		04AFDDF51B36724100BB45F9 /* Sources */ = {
			isa = PBXSourcesBuildPhase;
			buildActionMask = 2147483647;
			files = (
				04AFDE001B36724100BB45F9 /* MusicHubiOSTests.swift in Sources */,
			);
			runOnlyForDeploymentPostprocessing = 0;
		};
/* End PBXSourcesBuildPhase section */

/* Begin PBXTargetDependency section */
		04AFDDFB1B36724100BB45F9 /* PBXTargetDependency */ = {
			isa = PBXTargetDependency;
			target = 04AFDDE31B36724100BB45F9 /* MusicHubiOS */;
			targetProxy = 04AFDDFA1B36724100BB45F9 /* PBXContainerItemProxy */;
		};
/* End PBXTargetDependency section */

/* Begin PBXVariantGroup section */
		04AFDDED1B36724100BB45F9 /* Main.storyboard */ = {
			isa = PBXVariantGroup;
			children = (
				04AFDDEE1B36724100BB45F9 /* Base */,
			);
			name = Main.storyboard;
			sourceTree = "<group>";
		};
		04AFDDF21B36724100BB45F9 /* LaunchScreen.xib */ = {
			isa = PBXVariantGroup;
			children = (
				04AFDDF31B36724100BB45F9 /* Base */,
			);
			name = LaunchScreen.xib;
			sourceTree = "<group>";
		};
/* End PBXVariantGroup section */

/* Begin XCBuildConfiguration section */
		04AFDE011B36724100BB45F9 /* Debug */ = {
			isa = XCBuildConfiguration;
			buildSettings = {
				ALWAYS_SEARCH_USER_PATHS = NO;
				CLANG_CXX_LANGUAGE_STANDARD = "gnu++0x";
				CLANG_CXX_LIBRARY = "libc++";
				CLANG_ENABLE_MODULES = YES;
				CLANG_ENABLE_OBJC_ARC = YES;
				CLANG_WARN_BOOL_CONVERSION = YES;
				CLANG_WARN_CONSTANT_CONVERSION = YES;
				CLANG_WARN_DIRECT_OBJC_ISA_USAGE = YES_ERROR;
				CLANG_WARN_EMPTY_BODY = YES;
				CLANG_WARN_ENUM_CONVERSION = YES;
				CLANG_WARN_INT_CONVERSION = YES;
				CLANG_WARN_OBJC_ROOT_CLASS = YES_ERROR;
				CLANG_WARN_UNREACHABLE_CODE = YES;
				CLANG_WARN__DUPLICATE_METHOD_MATCH = YES;
				"CODE_SIGN_IDENTITY[sdk=iphoneos*]" = "iPhone Developer";
				COPY_PHASE_STRIP = NO;
				DEBUG_INFORMATION_FORMAT = "dwarf-with-dsym";
				ENABLE_STRICT_OBJC_MSGSEND = YES;
				GCC_C_LANGUAGE_STANDARD = gnu99;
				GCC_DYNAMIC_NO_PIC = NO;
				GCC_NO_COMMON_BLOCKS = YES;
				GCC_OPTIMIZATION_LEVEL = 0;
				GCC_PREPROCESSOR_DEFINITIONS = (
					"DEBUG=1",
					"$(inherited)",
				);
				GCC_SYMBOLS_PRIVATE_EXTERN = NO;
				GCC_WARN_64_TO_32_BIT_CONVERSION = YES;
				GCC_WARN_ABOUT_RETURN_TYPE = YES_ERROR;
				GCC_WARN_UNDECLARED_SELECTOR = YES;
				GCC_WARN_UNINITIALIZED_AUTOS = YES_AGGRESSIVE;
				GCC_WARN_UNUSED_FUNCTION = YES;
				GCC_WARN_UNUSED_VARIABLE = YES;
				IPHONEOS_DEPLOYMENT_TARGET = 8.3;
				MTL_ENABLE_DEBUG_INFO = YES;
				ONLY_ACTIVE_ARCH = YES;
				SDKROOT = iphoneos;
				SWIFT_OPTIMIZATION_LEVEL = "-Onone";
				TARGETED_DEVICE_FAMILY = "1,2";
			};
			name = Debug;
		};
		04AFDE021B36724100BB45F9 /* Release */ = {
			isa = XCBuildConfiguration;
			buildSettings = {
				ALWAYS_SEARCH_USER_PATHS = NO;
				CLANG_CXX_LANGUAGE_STANDARD = "gnu++0x";
				CLANG_CXX_LIBRARY = "libc++";
				CLANG_ENABLE_MODULES = YES;
				CLANG_ENABLE_OBJC_ARC = YES;
				CLANG_WARN_BOOL_CONVERSION = YES;
				CLANG_WARN_CONSTANT_CONVERSION = YES;
				CLANG_WARN_DIRECT_OBJC_ISA_USAGE = YES_ERROR;
				CLANG_WARN_EMPTY_BODY = YES;
				CLANG_WARN_ENUM_CONVERSION = YES;
				CLANG_WARN_INT_CONVERSION = YES;
				CLANG_WARN_OBJC_ROOT_CLASS = YES_ERROR;
				CLANG_WARN_UNREACHABLE_CODE = YES;
				CLANG_WARN__DUPLICATE_METHOD_MATCH = YES;
				"CODE_SIGN_IDENTITY[sdk=iphoneos*]" = "iPhone Developer";
				COPY_PHASE_STRIP = NO;
				DEBUG_INFORMATION_FORMAT = "dwarf-with-dsym";
				ENABLE_NS_ASSERTIONS = NO;
				ENABLE_STRICT_OBJC_MSGSEND = YES;
				GCC_C_LANGUAGE_STANDARD = gnu99;
				GCC_NO_COMMON_BLOCKS = YES;
				GCC_WARN_64_TO_32_BIT_CONVERSION = YES;
				GCC_WARN_ABOUT_RETURN_TYPE = YES_ERROR;
				GCC_WARN_UNDECLARED_SELECTOR = YES;
				GCC_WARN_UNINITIALIZED_AUTOS = YES_AGGRESSIVE;
				GCC_WARN_UNUSED_FUNCTION = YES;
				GCC_WARN_UNUSED_VARIABLE = YES;
				IPHONEOS_DEPLOYMENT_TARGET = 8.3;
				MTL_ENABLE_DEBUG_INFO = NO;
				SDKROOT = iphoneos;
				TARGETED_DEVICE_FAMILY = "1,2";
				VALIDATE_PRODUCT = YES;
			};
			name = Release;
		};
		04AFDE041B36724100BB45F9 /* Debug */ = {
			isa = XCBuildConfiguration;
			buildSettings = {
				ASSETCATALOG_COMPILER_APPICON_NAME = AppIcon;
				INFOPLIST_FILE = MusicHubiOS/Info.plist;
				LD_RUNPATH_SEARCH_PATHS = "$(inherited) @executable_path/Frameworks";
				PRODUCT_NAME = "$(TARGET_NAME)";
			};
			name = Debug;
		};
		04AFDE051B36724100BB45F9 /* Release */ = {
			isa = XCBuildConfiguration;
			buildSettings = {
				ASSETCATALOG_COMPILER_APPICON_NAME = AppIcon;
				INFOPLIST_FILE = MusicHubiOS/Info.plist;
				LD_RUNPATH_SEARCH_PATHS = "$(inherited) @executable_path/Frameworks";
				PRODUCT_NAME = "$(TARGET_NAME)";
			};
			name = Release;
		};
		04AFDE071B36724100BB45F9 /* Debug */ = {
			isa = XCBuildConfiguration;
			buildSettings = {
				BUNDLE_LOADER = "$(TEST_HOST)";
				FRAMEWORK_SEARCH_PATHS = (
					"$(SDKROOT)/Developer/Library/Frameworks",
					"$(inherited)",
				);
				GCC_PREPROCESSOR_DEFINITIONS = (
					"DEBUG=1",
					"$(inherited)",
				);
				INFOPLIST_FILE = MusicHubiOSTests/Info.plist;
				LD_RUNPATH_SEARCH_PATHS = "$(inherited) @executable_path/Frameworks @loader_path/Frameworks";
				PRODUCT_NAME = "$(TARGET_NAME)";
				TEST_HOST = "$(BUILT_PRODUCTS_DIR)/MusicHubiOS.app/MusicHubiOS";
			};
			name = Debug;
		};
		04AFDE081B36724100BB45F9 /* Release */ = {
			isa = XCBuildConfiguration;
			buildSettings = {
				BUNDLE_LOADER = "$(TEST_HOST)";
				FRAMEWORK_SEARCH_PATHS = (
					"$(SDKROOT)/Developer/Library/Frameworks",
					"$(inherited)",
				);
				INFOPLIST_FILE = MusicHubiOSTests/Info.plist;
				LD_RUNPATH_SEARCH_PATHS = "$(inherited) @executable_path/Frameworks @loader_path/Frameworks";
				PRODUCT_NAME = "$(TARGET_NAME)";
				TEST_HOST = "$(BUILT_PRODUCTS_DIR)/MusicHubiOS.app/MusicHubiOS";
			};
			name = Release;
		};
/* End XCBuildConfiguration section */

/* Begin XCConfigurationList section */
		04AFDDDF1B36724100BB45F9 /* Build configuration list for PBXProject "MusicHubiOS" */ = {
			isa = XCConfigurationList;
			buildConfigurations = (
				04AFDE011B36724100BB45F9 /* Debug */,
				04AFDE021B36724100BB45F9 /* Release */,
			);
			defaultConfigurationIsVisible = 0;
			defaultConfigurationName = Release;
		};
		04AFDE031B36724100BB45F9 /* Build configuration list for PBXNativeTarget "MusicHubiOS" */ = {
			isa = XCConfigurationList;
			buildConfigurations = (
				04AFDE041B36724100BB45F9 /* Debug */,
				04AFDE051B36724100BB45F9 /* Release */,
			);
			defaultConfigurationIsVisible = 0;
		};
		04AFDE061B36724100BB45F9 /* Build configuration list for PBXNativeTarget "MusicHubiOSTests" */ = {
			isa = XCConfigurationList;
			buildConfigurations = (
				04AFDE071B36724100BB45F9 /* Debug */,
				04AFDE081B36724100BB45F9 /* Release */,
			);
			defaultConfigurationIsVisible = 0;
		};
/* End XCConfigurationList section */
	};
	rootObject = 04AFDDDC1B36724100BB45F9 /* Project object */;
}
